
Microsoft Visual Studio Solution File, Format Version 12.00
# Visual Studio Version 17
VisualStudioVersion = 17.0.32126.317
MinimumVisualStudioVersion = 10.0.40219.1
Project("{FAE04EC0-301F-11D3-BF4B-00C04F79EFBC}") = "Dictionary", "Dictionary.csproj", "{C24AB381-7F8B-42D0-A596-AC3009198171}"
EndProject
Global
	GlobalSection(SolutionConfigurationPlatforms) = preSolution
		Debug|Any CPU = Debug|Any CPU
		Release|Any CPU = Release|Any CPU
	EndGlobalSection
	GlobalSection(ProjectConfigurationPlatforms) = postSolution
		{C24AB381-7F8B-42D0-A596-AC3009198171}.Debug|Any CPU.ActiveCfg = Debug|Any CPU
		{C24AB381-7F8B-42D0-A596-AC3009198171}.Debug|Any CPU.Build.0 = Debug|Any CPU
		{C24AB381-7F8B-42D0-A596-AC3009198171}.Release|Any CPU.ActiveCfg = Release|Any CPU
		{C24AB381-7F8B-42D0-A596-AC3009198171}.Release|Any CPU.Build.0 = Release|Any CPU
	EndGlobalSection
	GlobalSection(SolutionProperties) = preSolution
		HideSolutionNode = FALSE
	EndGlobalSection
	GlobalSection(ExtensibilityGlobals) = postSolution
		SolutionGuid = {6D26CC12-4047-41AE-80BC-EC2BB7D1F509}
	EndGlobalSection
EndGlobal
